
Microsoft Visual Studio Solution File, Format Version 12.00
# Visual Studio Version 17
VisualStudioVersion = 17.9.34622.214
MinimumVisualStudioVersion = 10.0.40219.1
Project("{FAE04EC0-301F-11D3-BF4B-00C04F79EFBC}") = "Predicate", "Predicate\Predicate.csproj", "{1F6887E3-C2FE-42FD-832F-62B5C5F51A31}"
EndProject
Global
	GlobalSection(SolutionConfigurationPlatforms) = preSolution
		Debug|Any CPU = Debug|Any CPU
		Release|Any CPU = Release|Any CPU
	EndGlobalSection
	GlobalSection(ProjectConfigurationPlatforms) = postSolution
		{1F6887E3-C2FE-42FD-832F-62B5C5F51A31}.Debug|Any CPU.ActiveCfg = Debug|Any CPU
		{1F6887E3-C2FE-42FD-832F-62B5C5F51A31}.Debug|Any CPU.Build.0 = Debug|Any CPU
		{1F6887E3-C2FE-42FD-832F-62B5C5F51A31}.Release|Any CPU.ActiveCfg = Release|Any CPU
		{1F6887E3-C2FE-42FD-832F-62B5C5F51A31}.Release|Any CPU.Build.0 = Release|Any CPU
	EndGlobalSection
	GlobalSection(SolutionProperties) = preSolution
		HideSolutionNode = FALSE
	EndGlobalSection
	GlobalSection(ExtensibilityGlobals) = postSolution
		SolutionGuid = {ED61F943-4D1C-4A27-8CD1-FBDE4AE4B26E}
	EndGlobalSection
EndGlobal
